PODS:
  - Boardy/ComponentKit (1.36.1):
    - Boardy/Core
  - Boardy/Core (1.36.1)
  - SiFUtilities (4.26.0):
    - SiFUtilities/Default (= 4.26.0)
  - SiFUtilities/Boardy (4.26.0):
    - Boardy/ComponentKit
    - SiFUtilities/Loading
    - SiFUtilities/Show
  - SiFUtilities/Default (4.26.0):
    - SiFUtilities/Boardy
    - SiFUtilities/Endpoint
    - SiFUtilities/Foundation
    - SiFUtilities/Helpers
    - SiFUtilities/IBDesignable
    - SiFUtilities/KeyValue
    - SiFUtilities/Loading
    - SiFUtilities/Media
    - SiFUtilities/Nib
    - SiFUtilities/Runtime
    - SiFUtilities/Show
    - SiFUtilities/UIKit
    - SiFUtilities/WeakObject
  - SiFUtilities/Endpoint (4.26.0)
  - SiFUtilities/Foundation (4.26.0)
  - SiFUtilities/Helpers (4.26.0)
  - SiFUtilities/IBDesignable (4.26.0):
    - SiFUtilities/UIKit
  - SiFUtilities/KeyValue (4.26.0)
  - SiFUtilities/Loading (4.26.0):
    - SiFUtilities/Foundation
  - SiFUtilities/Media (4.26.0)
  - SiFUtilities/Nib (4.26.0):
    - SiFUtilities/Foundation
  - SiFUtilities/Runtime (4.26.0):
    - SiFUtilities/Foundation
  - SiFUtilities/Show (4.26.0):
    - SiFUtilities/UIKit
  - SiFUtilities/UIKit (4.26.0)
  - SiFUtilities/WeakObject (4.26.0)

DEPENDENCIES:
  - SiFUtilities (from `../`)

SPEC REPOS:
  trunk:
    - Boardy

EXTERNAL SOURCES:
  SiFUtilities:
    :path: "../"

SPEC CHECKSUMS:
  Boardy: ea3ba611b693035849291bc7e635471aec8299bb
  SiFUtilities: c78edc4914d7ed317a722191bc87cf76fb81ef0c

PODFILE CHECKSUM: 09ccd09c4d72b2d5e2182cf74f4db3afe87c7207

COCOAPODS: 1.11.2
