PODS:
  - Localize-Swift (3.2.0):
    - Localize-Swift/LocalizeSwiftCore (= 3.2.0)
    - Localize-Swift/UIKit (= 3.2.0)
  - Localize-Swift/LocalizeSwiftCore (3.2.0)
  - Localize-Swift/UIKit (3.2.0):
    - Localize-Swift/LocalizeSwiftCore
  - SiFUtilities (4.11.3):
    - SiFUtilities/Default (= 4.11.3)
  - SiFUtilities/Default (4.11.3):
    - SiFUtilities/Endpoint
    - SiFUtilities/Foundation
    - SiFUtilities/Helpers
    - SiFUtilities/IBDesignable
    - SiFUtilities/KeyValue
    - SiFUtilities/Loading
    - SiFUtilities/Localize
    - SiFUtilities/Media
    - SiFUtilities/Nib
    - SiFUtilities/Runtime
    - SiFUtilities/Show
    - SiFUtilities/UIKit
    - SiFUtilities/WeakObject
  - SiFUtilities/Endpoint (4.11.3)
  - SiFUtilities/Foundation (4.11.3)
  - SiFUtilities/Helpers (4.11.3)
  - SiFUtilities/IBDesignable (4.11.3):
    - SiFUtilities/UIKit
  - SiFUtilities/KeyValue (4.11.3)
  - SiFUtilities/Loading (4.11.3)
  - SiFUtilities/Localize (4.11.3):
    - Localize-Swift
    - SiFUtilities/Foundation
    - SiFUtilities/Runtime
    - SiFUtilities/UIKit
  - SiFUtilities/Media (4.11.3)
  - SiFUtilities/Nib (4.11.3):
    - SiFUtilities/Foundation
  - SiFUtilities/Runtime (4.11.3)
  - SiFUtilities/Show (4.11.3):
    - SiFUtilities/UIKit
  - SiFUtilities/UIKit (4.11.3)
  - SiFUtilities/WeakObject (4.11.3)

DEPENDENCIES:
  - SiFUtilities (from `../`)

SPEC REPOS:
  trunk:
    - Localize-Swift

EXTERNAL SOURCES:
  SiFUtilities:
    :path: "../"

SPEC CHECKSUMS:
  Localize-Swift: 6f4475136bdb0d7b2882ea3d4ea919d70142b232
  SiFUtilities: 547840b86ce155e30d48b46a2806bfe8721b7762

PODFILE CHECKSUM: 478561156f8b79ebe1f0d553cf63ff219f44930e

COCOAPODS: 1.10.0
